
Microsoft Visual Studio Solution File, Format Version 12.00
# Visual Studio Version 16
VisualStudioVersion = 16.0.31515.178
MinimumVisualStudioVersion = 10.0.40219.1
Project("{9A19103F-16F7-4668-BE54-9A1E7A4F7556}") = "DatingApp.API", "DatingApp.API.csproj", "{B68002A5-979F-471E-985F-F8BBAF64F9AD}"
EndProject
Global
	GlobalSection(SolutionConfigurationPlatforms) = preSolution
		Debug|Any CPU = Debug|Any CPU
		Release|Any CPU = Release|Any CPU
	EndGlobalSection
	GlobalSection(ProjectConfigurationPlatforms) = postSolution
		{B68002A5-979F-471E-985F-F8BBAF64F9AD}.Debug|Any CPU.ActiveCfg = Debug|Any CPU
		{B68002A5-979F-471E-985F-F8BBAF64F9AD}.Debug|Any CPU.Build.0 = Debug|Any CPU
		{B68002A5-979F-471E-985F-F8BBAF64F9AD}.Release|Any CPU.ActiveCfg = Release|Any CPU
		{B68002A5-979F-471E-985F-F8BBAF64F9AD}.Release|Any CPU.Build.0 = Release|Any CPU
	EndGlobalSection
	GlobalSection(SolutionProperties) = preSolution
		HideSolutionNode = FALSE
	EndGlobalSection
	GlobalSection(ExtensibilityGlobals) = postSolution
		SolutionGuid = {4DD3FC7B-6655-4536-BB62-EA6FF701675E}
	EndGlobalSection
EndGlobal
